<?xml version="1.0" encoding="utf-8"?>
<Project ToolsVersion="4.0" xmlns="http://schemas.microsoft.com/developer/msbuild/2003">
  <ItemGroup>
    <Filter Include="源文件">
      <UniqueIdentifier>{4FC737F1-C7A5-4376-A066-2A32D752A2FF}</UniqueIdentifier>
      <Extensions>cpp;c;cc;cxx;def;odl;idl;hpj;bat;asm;asmx</Extensions>
    </Filter>
    <Filter Include="头文件">
      <UniqueIdentifier>{93995380-89BD-4b04-88EB-625FBE52EBFB}</UniqueIdentifier>
      <Extensions>h;hh;hpp;hxx;hm;inl;inc;xsd</Extensions>
    </Filter>
    <Filter Include="资源文件">
      <UniqueIdentifier>{67DA6AB6-F800-4c08-8B7A-83BB121AAD01}</UniqueIdentifier>
      <Extensions>rc;ico;cur;bmp;dlg;rc2;rct;bin;rgs;gif;jpg;jpeg;jpe;resx;tiff;tif;png;wav;mfcribbon-ms</Extensions>
    </Filter>
  </ItemGroup>
  <ItemGroup>
    <Text Include="ReadMe.txt" />
  </ItemGroup>
  <ItemGroup>
    <ClInclude Include="PECheck.h">
      <Filter>头文件</Filter>
    </ClInclude>
    <ClInclude Include="PECheckDlg.h">
      <Filter>头文件</Filter>
    </ClInclude>
    <ClInclude Include="stdafx.h">
      <Filter>头文件</Filter>
    </ClInclude>
    <ClInclude Include="targetver.h">
      <Filter>头文件</Filter>
    </ClInclude>
    <ClInclude Include="Resource.h">
      <Filter>头文件</Filter>
    </ClInclude>
    <ClInclude Include="MainPage.h">
      <Filter>头文件</Filter>
    </ClInclude>
    <ClInclude Include="PEParse.h">
      <Filter>头文件</Filter>
    </ClInclude>
    <ClInclude Include="Common.h">
      <Filter>头文件</Filter>
    </ClInclude>
    <ClInclude Include="EditProvider.h">
      <Filter>头文件</Filter>
    </ClInclude>
    <ClInclude Include="DosHeader.h">
      <Filter>头文件</Filter>
    </ClInclude>
    <ClInclude Include="FileHeader.h">
      <Filter>头文件</Filter>
    </ClInclude>
    <ClInclude Include="OptionHeader.h">
      <Filter>头文件</Filter>
    </ClInclude>
    <ClInclude Include="Section.h">
      <Filter>头文件</Filter>
    </ClInclude>
    <ClInclude Include="Resources.h">
      <Filter>头文件</Filter>
    </ClInclude>
    <ClInclude Include="Import.h">
      <Filter>头文件</Filter>
    </ClInclude>
    <ClInclude Include="Export.h">
      <Filter>头文件</Filter>
    </ClInclude>
    <ClInclude Include="BaseReloc.h">
      <Filter>头文件</Filter>
    </ClInclude>
  </ItemGroup>
  <ItemGroup>
    <ClCompile Include="PECheck.cpp">
      <Filter>源文件</Filter>
    </ClCompile>
    <ClCompile Include="PECheckDlg.cpp">
      <Filter>源文件</Filter>
    </ClCompile>
    <ClCompile Include="stdafx.cpp">
      <Filter>源文件</Filter>
    </ClCompile>
    <ClCompile Include="MainPage.cpp">
      <Filter>源文件</Filter>
    </ClCompile>
    <ClCompile Include="PEParse.cpp">
      <Filter>源文件</Filter>
    </ClCompile>
    <ClCompile Include="EditProvider.cpp">
      <Filter>源文件</Filter>
    </ClCompile>
    <ClCompile Include="DosHeader.cpp">
      <Filter>源文件</Filter>
    </ClCompile>
    <ClCompile Include="FileHeader.cpp">
      <Filter>源文件</Filter>
    </ClCompile>
    <ClCompile Include="OptionHeader.cpp">
      <Filter>源文件</Filter>
    </ClCompile>
    <ClCompile Include="Section.cpp">
      <Filter>源文件</Filter>
    </ClCompile>
    <ClCompile Include="Resources.cpp">
      <Filter>源文件</Filter>
    </ClCompile>
    <ClCompile Include="Import.cpp">
      <Filter>源文件</Filter>
    </ClCompile>
    <ClCompile Include="Export.cpp">
      <Filter>源文件</Filter>
    </ClCompile>
    <ClCompile Include="BaseReloc.cpp">
      <Filter>源文件</Filter>
    </ClCompile>
  </ItemGroup>
  <ItemGroup>
    <ResourceCompile Include="PECheck.rc">
      <Filter>资源文件</Filter>
    </ResourceCompile>
  </ItemGroup>
  <ItemGroup>
    <None Include="res\PECheck.rc2">
      <Filter>资源文件</Filter>
    </None>
  </ItemGroup>
  <ItemGroup>
    <Image Include="res\PECheck.ico">
      <Filter>资源文件</Filter>
    </Image>
  </ItemGroup>
</Project>